
Microsoft Visual Studio Solution File, Format Version 12.00
# Visual Studio Version 17
VisualStudioVersion = 17.10.35027.167
MinimumVisualStudioVersion = 10.0.40219.1
Project("{2150E333-8FDC-42A3-9474-1A3956D46DE8}") = "src", "src", "{9CD770F5-2C54-4C44-995B-CE2ED2038CB2}"
EndProject
Project("{2150E333-8FDC-42A3-9474-1A3956D46DE8}") = "Core", "Core", "{0F96F4CC-0E45-4E6C-A50A-2E012793547A}"
EndProject
Project("{2150E333-8FDC-42A3-9474-1A3956D46DE8}") = "Application", "Application", "{F4EFF104-61B4-4E5D-ABD6-C6C0ABC0EC8A}"
EndProject
Project("{2150E333-8FDC-42A3-9474-1A3956D46DE8}") = "Infrastructure", "Infrastructure", "{E44B4492-4C21-4346-8A1C-6727C0B0DB7C}"
EndProject
Project("{2150E333-8FDC-42A3-9474-1A3956D46DE8}") = "Presentation", "Presentation", "{591EEFFC-3FF0-4CB9-8DA8-E5E743AD1B6C}"
EndProject
Project("{FAE04EC0-301F-11D3-BF4B-00C04F79EFBC}") = "Expense Automation API", "Expense Automation API\Expense Automation API.csproj", "{644810CE-8CF6-4623-A671-D337FE7579F4}"
EndProject
Project("{FAE04EC0-301F-11D3-BF4B-00C04F79EFBC}") = "DomainLayer", "DomainLayer\DomainLayer.csproj", "{984D95CF-C342-4113-A029-64B14039D7AD}"
EndProject
Project("{FAE04EC0-301F-11D3-BF4B-00C04F79EFBC}") = "ApplicationLayer", "ApplicationLayer\ApplicationLayer.csproj", "{912FB2E5-7B4E-45C0-958C-FC8A0E01AA52}"
EndProject
Project("{FAE04EC0-301F-11D3-BF4B-00C04F79EFBC}") = "Infrastructure", "Infrastructure\Infrastructure.csproj", "{189AEB4D-D460-4DE3-92B0-1E88E687C732}"
EndProject
Global
	GlobalSection(SolutionConfigurationPlatforms) = preSolution
		Debug|Any CPU = Debug|Any CPU
		Release|Any CPU = Release|Any CPU
	EndGlobalSection
	GlobalSection(ProjectConfigurationPlatforms) = postSolution
		{644810CE-8CF6-4623-A671-D337FE7579F4}.Debug|Any CPU.ActiveCfg = Debug|Any CPU
		{644810CE-8CF6-4623-A671-D337FE7579F4}.Debug|Any CPU.Build.0 = Debug|Any CPU
		{644810CE-8CF6-4623-A671-D337FE7579F4}.Release|Any CPU.ActiveCfg = Release|Any CPU
		{644810CE-8CF6-4623-A671-D337FE7579F4}.Release|Any CPU.Build.0 = Release|Any CPU
		{984D95CF-C342-4113-A029-64B14039D7AD}.Debug|Any CPU.ActiveCfg = Debug|Any CPU
		{984D95CF-C342-4113-A029-64B14039D7AD}.Debug|Any CPU.Build.0 = Debug|Any CPU
		{984D95CF-C342-4113-A029-64B14039D7AD}.Release|Any CPU.ActiveCfg = Release|Any CPU
		{984D95CF-C342-4113-A029-64B14039D7AD}.Release|Any CPU.Build.0 = Release|Any CPU
		{912FB2E5-7B4E-45C0-958C-FC8A0E01AA52}.Debug|Any CPU.ActiveCfg = Debug|Any CPU
		{912FB2E5-7B4E-45C0-958C-FC8A0E01AA52}.Debug|Any CPU.Build.0 = Debug|Any CPU
		{912FB2E5-7B4E-45C0-958C-FC8A0E01AA52}.Release|Any CPU.ActiveCfg = Release|Any CPU
		{912FB2E5-7B4E-45C0-958C-FC8A0E01AA52}.Release|Any CPU.Build.0 = Release|Any CPU
		{189AEB4D-D460-4DE3-92B0-1E88E687C732}.Debug|Any CPU.ActiveCfg = Debug|Any CPU
		{189AEB4D-D460-4DE3-92B0-1E88E687C732}.Debug|Any CPU.Build.0 = Debug|Any CPU
		{189AEB4D-D460-4DE3-92B0-1E88E687C732}.Release|Any CPU.ActiveCfg = Release|Any CPU
		{189AEB4D-D460-4DE3-92B0-1E88E687C732}.Release|Any CPU.Build.0 = Release|Any CPU
	EndGlobalSection
	GlobalSection(SolutionProperties) = preSolution
		HideSolutionNode = FALSE
	EndGlobalSection
	GlobalSection(NestedProjects) = preSolution
		{0F96F4CC-0E45-4E6C-A50A-2E012793547A} = {9CD770F5-2C54-4C44-995B-CE2ED2038CB2}
		{F4EFF104-61B4-4E5D-ABD6-C6C0ABC0EC8A} = {9CD770F5-2C54-4C44-995B-CE2ED2038CB2}
		{E44B4492-4C21-4346-8A1C-6727C0B0DB7C} = {9CD770F5-2C54-4C44-995B-CE2ED2038CB2}
		{591EEFFC-3FF0-4CB9-8DA8-E5E743AD1B6C} = {9CD770F5-2C54-4C44-995B-CE2ED2038CB2}
		{644810CE-8CF6-4623-A671-D337FE7579F4} = {591EEFFC-3FF0-4CB9-8DA8-E5E743AD1B6C}
		{984D95CF-C342-4113-A029-64B14039D7AD} = {0F96F4CC-0E45-4E6C-A50A-2E012793547A}
		{912FB2E5-7B4E-45C0-958C-FC8A0E01AA52} = {F4EFF104-61B4-4E5D-ABD6-C6C0ABC0EC8A}
		{189AEB4D-D460-4DE3-92B0-1E88E687C732} = {E44B4492-4C21-4346-8A1C-6727C0B0DB7C}
	EndGlobalSection
	GlobalSection(ExtensibilityGlobals) = postSolution
		SolutionGuid = {7CD7770E-FC8C-4737-87E8-E6C07EE68363}
	EndGlobalSection
EndGlobal
